
Microsoft Visual Studio Solution File, Format Version 12.00
# Visual Studio Version 17
VisualStudioVersion = 17.11.35303.130
MinimumVisualStudioVersion = 10.0.40219.1
Project("{9A19103F-16F7-4668-BE54-9A1E7A4F7556}") = "Tyuiu.KorotkovNS.Sprint1.Task0.V0", "Tyuiu.KorotkovNS.Sprint1\Tyuiu.KorotkovNS.Sprint1.Task0.V0.csproj", "{21A6CC98-8228-4715-ADAD-FA3574AE6283}"
EndProject
Project("{2150E333-8FDC-42A3-9474-1A3956D46DE8}") = "Task0", "Task0", "{5BFC82BB-A6F5-4BCF-B633-9AA6FDA2E5B6}"
EndProject
Project("{9A19103F-16F7-4668-BE54-9A1E7A4F7556}") = "Tyuiu.KorotkovNS.Sprint1.Task0.V0.Lib", "Tyuiu.KorotkovNS.Sprint1.Task0.V0.Lib\Tyuiu.KorotkovNS.Sprint1.Task0.V0.Lib.csproj", "{C46CFA03-6C05-428A-9B52-AF2662CF5F3B}"
EndProject
Project("{9A19103F-16F7-4668-BE54-9A1E7A4F7556}") = "Tyuiu.KorotkovNS.Sprint1.Task0.V0.Test", "Tyuiu.KorotkovNS.Sprint1.Task0.V0.Test\Tyuiu.KorotkovNS.Sprint1.Task0.V0.Test.csproj", "{E5D3D71E-76E3-43EE-B6F2-1BB96D9869B0}"
EndProject
Project("{2150E333-8FDC-42A3-9474-1A3956D46DE8}") = "Task0_V16", "Task0_V16", "{864C9300-F7A3-4BB8-8990-6A32361737EC}"
EndProject
Project("{9A19103F-16F7-4668-BE54-9A1E7A4F7556}") = "Tyuiu.KorotkovNS.Sprint1.Task0.V16", "Tyuiu.KorotkovNS.Sprint1.Task0.V16\Tyuiu.KorotkovNS.Sprint1.Task0.V16.csproj", "{6B326AFB-51FD-45B5-9E4A-A79400607BCF}"
EndProject
Project("{9A19103F-16F7-4668-BE54-9A1E7A4F7556}") = "Tyuiu.KorotkovNS.Sprint1.Task0.V16.Lib", "Tyuiu.KorotkovNS.Sprint1.Task0.V16.Lib\Tyuiu.KorotkovNS.Sprint1.Task0.V16.Lib.csproj", "{EF0768F1-F313-47DF-995B-66808000DA41}"
EndProject
Project("{9A19103F-16F7-4668-BE54-9A1E7A4F7556}") = "Tyuiu.KorotkovNS.Sprint1.Task0.V16.Test", "Tyuiu.KorotkovNS.Sprint1.Task0.V16.Test\Tyuiu.KorotkovNS.Sprint1.Task0.V16.Test.csproj", "{02C25BAA-FD0E-4933-BC7E-EBCAFEBA130A}"
EndProject
Project("{2150E333-8FDC-42A3-9474-1A3956D46DE8}") = "Task1", "Task1", "{3FDAA966-2554-4246-9A49-AB100D0A0B3B}"
EndProject
Project("{9A19103F-16F7-4668-BE54-9A1E7A4F7556}") = "Tyuiu.KorotkovNS.Sprint1.Task1.V0", "Tyuiu.KorotkovNS.Sprint1.Task1.V0\Tyuiu.KorotkovNS.Sprint1.Task1.V0.csproj", "{2D3479EF-90EE-4561-929E-49C9BAF2BDF7}"
EndProject
Project("{9A19103F-16F7-4668-BE54-9A1E7A4F7556}") = "Tyuiu.KorotkovNS.Sprint1.Task1.V0.Lib", "Tyuiu.KorotkovNS.Sprint1.Task1.V0.Lib\Tyuiu.KorotkovNS.Sprint1.Task1.V0.Lib.csproj", "{F46F7E0F-6A84-4A9A-A43F-06D7F2530F2B}"
EndProject
Project("{9A19103F-16F7-4668-BE54-9A1E7A4F7556}") = "Tyuiu.KorotkovNS.Sprint1.Task1.V0.Test", "Tyuiu.KorotkovNS.Sprint1.Task1.V0.Test\Tyuiu.KorotkovNS.Sprint1.Task1.V0.Test.csproj", "{AC7E0100-301F-44C7-9CA9-C3C0A12C1A71}"
EndProject
Project("{2150E333-8FDC-42A3-9474-1A3956D46DE8}") = "Task1_V28", "Task1_V28", "{79D58E79-757F-4AF5-9618-9DF34C1CA646}"
EndProject
Project("{9A19103F-16F7-4668-BE54-9A1E7A4F7556}") = "Tyuiu.KorotkovNS.Sprint1.Task1.V28", "Tyuiu.KorotkovNS.Sprint1.Task1.V28\Tyuiu.KorotkovNS.Sprint1.Task1.V28.csproj", "{1A549A2E-1F8B-4353-8555-E2CE45E53A90}"
EndProject
Project("{9A19103F-16F7-4668-BE54-9A1E7A4F7556}") = "Tyuiu.KorotkovNS.Sprint1.Task1.V28.Lib", "Tyuiu.KorotkovNS.Sprint1.Task1.V28.Lib\Tyuiu.KorotkovNS.Sprint1.Task1.V28.Lib.csproj", "{6B481DF1-DB49-4E98-B68F-21D5590D651C}"
EndProject
Project("{9A19103F-16F7-4668-BE54-9A1E7A4F7556}") = "Tyuiu.KorotkovNS.Sprint1.Task1.V28.Test", "Tyuiu.KorotkovNS.Sprint1.Task1.V28.Test\Tyuiu.KorotkovNS.Sprint1.Task1.V28.Test.csproj", "{F19D95D1-CE9E-4FCA-BA75-53B9ADBD737F}"
EndProject
Project("{2150E333-8FDC-42A3-9474-1A3956D46DE8}") = "Task2", "Task2", "{12C93663-C7BF-4A1F-BA99-4442709AF9FC}"
EndProject
Project("{9A19103F-16F7-4668-BE54-9A1E7A4F7556}") = "Tyuiu.KorotkovNS.Sprint1.Task2.V12", "Tyuiu.KorotkovNS.Sprint1.Task2.V12\Tyuiu.KorotkovNS.Sprint1.Task2.V12.csproj", "{2FC7CBF2-D20B-4D19-85A7-72F9B4B2317B}"
EndProject
Project("{9A19103F-16F7-4668-BE54-9A1E7A4F7556}") = "Tyuiu.KorotkovNS.Sprint1.Task2.V12.Lib", "Tyuiu.KorotkovNS.Sprint1.Task2.V12.Lib\Tyuiu.KorotkovNS.Sprint1.Task2.V12.Lib.csproj", "{00EFB1D0-2C6A-47A3-9601-F60A1770C265}"
EndProject
Project("{9A19103F-16F7-4668-BE54-9A1E7A4F7556}") = "Tyuiu.KorotkovNS.Sprint1.Task2.V12.Test", "Tyuiu.KorotkovNS.Sprint1.Task2.V12.Test\Tyuiu.KorotkovNS.Sprint1.Task2.V12.Test.csproj", "{44C59155-C048-4EDB-B865-32B88FD476FF}"
EndProject
Project("{2150E333-8FDC-42A3-9474-1A3956D46DE8}") = "Task3", "Task3", "{832D3854-086E-4FAF-95BA-883D8EBE30F6}"
EndProject
Project("{9A19103F-16F7-4668-BE54-9A1E7A4F7556}") = "Tyuiu.KorotkovNS.Sprint1.Task3.V4", "Tyuiu.KorotkovNS.Sprint1.Task3.V4\Tyuiu.KorotkovNS.Sprint1.Task3.V4.csproj", "{244966E4-F16D-4814-93B8-5E01FA5FB0DE}"
EndProject
Project("{9A19103F-16F7-4668-BE54-9A1E7A4F7556}") = "Tyuiu.KorotkovNS.Sprint1.Task3.V4.Lib", "Tyuiu.KorotkovNS.Sprint1.Task3.V4.Lib\Tyuiu.KorotkovNS.Sprint1.Task3.V4.Lib.csproj", "{C711BF45-3B1B-4D8F-916E-C4CE7A23FA4C}"
EndProject
Project("{9A19103F-16F7-4668-BE54-9A1E7A4F7556}") = "Tyuiu.KorotkovNS.Sprint1.Task3.V4.Test", "Tyuiu.KorotkovNS.Sprint1.Task3.V4.Test\Tyuiu.KorotkovNS.Sprint1.Task3.V4.Test.csproj", "{2B03F710-F7FA-4EEF-87BC-98023C6ABDB5}"
EndProject
Project("{2150E333-8FDC-42A3-9474-1A3956D46DE8}") = "Task4", "Task4", "{62CDFD9F-1027-4A32-9ED5-EF82329EBDF2}"
EndProject
Project("{FAE04EC0-301F-11D3-BF4B-00C04F79EFBC}") = "Tyuiu.KorotkovNS.Sprint1.Task4.V30", "Tyuiu.KorotkovNS.Sprint1.Task4.V30\Tyuiu.KorotkovNS.Sprint1.Task4.V30.csproj", "{8D8A48EE-85FC-435D-AF18-4B26BD9EE5DF}"
EndProject
Project("{FAE04EC0-301F-11D3-BF4B-00C04F79EFBC}") = "Tyuiu.KorotkovNS.Sprint1.Task4.V30.Lib", "Tyuiu.KorotkovNS.Sprint1.Task4.V30.Lib\Tyuiu.KorotkovNS.Sprint1.Task4.V30.Lib.csproj", "{68263B72-0ABE-40BC-AA72-0BEFBCA0BFE8}"
EndProject
Project("{FAE04EC0-301F-11D3-BF4B-00C04F79EFBC}") = "Tyuiu.KorotkovNS.Sprint1.Task4.V30.Test", "Tyuiu.KorotkovNS.Sprint1.Task4.V30.Test\Tyuiu.KorotkovNS.Sprint1.Task4.V30.Test.csproj", "{65B8C707-7F0F-4419-BC60-1C779AF27EA2}"
EndProject
Global
	GlobalSection(SolutionConfigurationPlatforms) = preSolution
		Debug|Any CPU = Debug|Any CPU
		Release|Any CPU = Release|Any CPU
	EndGlobalSection
	GlobalSection(ProjectConfigurationPlatforms) = postSolution
		{21A6CC98-8228-4715-ADAD-FA3574AE6283}.Debug|Any CPU.ActiveCfg = Debug|Any CPU
		{21A6CC98-8228-4715-ADAD-FA3574AE6283}.Debug|Any CPU.Build.0 = Debug|Any CPU
		{21A6CC98-8228-4715-ADAD-FA3574AE6283}.Release|Any CPU.ActiveCfg = Release|Any CPU
		{21A6CC98-8228-4715-ADAD-FA3574AE6283}.Release|Any CPU.Build.0 = Release|Any CPU
		{C46CFA03-6C05-428A-9B52-AF2662CF5F3B}.Debug|Any CPU.ActiveCfg = Debug|Any CPU
		{C46CFA03-6C05-428A-9B52-AF2662CF5F3B}.Debug|Any CPU.Build.0 = Debug|Any CPU
		{C46CFA03-6C05-428A-9B52-AF2662CF5F3B}.Release|Any CPU.ActiveCfg = Release|Any CPU
		{C46CFA03-6C05-428A-9B52-AF2662CF5F3B}.Release|Any CPU.Build.0 = Release|Any CPU
		{E5D3D71E-76E3-43EE-B6F2-1BB96D9869B0}.Debug|Any CPU.ActiveCfg = Debug|Any CPU
		{E5D3D71E-76E3-43EE-B6F2-1BB96D9869B0}.Debug|Any CPU.Build.0 = Debug|Any CPU
		{E5D3D71E-76E3-43EE-B6F2-1BB96D9869B0}.Release|Any CPU.ActiveCfg = Release|Any CPU
		{E5D3D71E-76E3-43EE-B6F2-1BB96D9869B0}.Release|Any CPU.Build.0 = Release|Any CPU
		{6B326AFB-51FD-45B5-9E4A-A79400607BCF}.Debug|Any CPU.ActiveCfg = Debug|Any CPU
		{6B326AFB-51FD-45B5-9E4A-A79400607BCF}.Debug|Any CPU.Build.0 = Debug|Any CPU
		{6B326AFB-51FD-45B5-9E4A-A79400607BCF}.Release|Any CPU.ActiveCfg = Release|Any CPU
		{6B326AFB-51FD-45B5-9E4A-A79400607BCF}.Release|Any CPU.Build.0 = Release|Any CPU
		{EF0768F1-F313-47DF-995B-66808000DA41}.Debug|Any CPU.ActiveCfg = Debug|Any CPU
		{EF0768F1-F313-47DF-995B-66808000DA41}.Debug|Any CPU.Build.0 = Debug|Any CPU
		{EF0768F1-F313-47DF-995B-66808000DA41}.Release|Any CPU.ActiveCfg = Release|Any CPU
		{EF0768F1-F313-47DF-995B-66808000DA41}.Release|Any CPU.Build.0 = Release|Any CPU
		{02C25BAA-FD0E-4933-BC7E-EBCAFEBA130A}.Debug|Any CPU.ActiveCfg = Debug|Any CPU
		{02C25BAA-FD0E-4933-BC7E-EBCAFEBA130A}.Debug|Any CPU.Build.0 = Debug|Any CPU
		{02C25BAA-FD0E-4933-BC7E-EBCAFEBA130A}.Release|Any CPU.ActiveCfg = Release|Any CPU
		{02C25BAA-FD0E-4933-BC7E-EBCAFEBA130A}.Release|Any CPU.Build.0 = Release|Any CPU
		{2D3479EF-90EE-4561-929E-49C9BAF2BDF7}.Debug|Any CPU.ActiveCfg = Debug|Any CPU
		{2D3479EF-90EE-4561-929E-49C9BAF2BDF7}.Debug|Any CPU.Build.0 = Debug|Any CPU
		{2D3479EF-90EE-4561-929E-49C9BAF2BDF7}.Release|Any CPU.ActiveCfg = Release|Any CPU
		{2D3479EF-90EE-4561-929E-49C9BAF2BDF7}.Release|Any CPU.Build.0 = Release|Any CPU
		{F46F7E0F-6A84-4A9A-A43F-06D7F2530F2B}.Debug|Any CPU.ActiveCfg = Debug|Any CPU
		{F46F7E0F-6A84-4A9A-A43F-06D7F2530F2B}.Debug|Any CPU.Build.0 = Debug|Any CPU
		{F46F7E0F-6A84-4A9A-A43F-06D7F2530F2B}.Release|Any CPU.ActiveCfg = Release|Any CPU
		{F46F7E0F-6A84-4A9A-A43F-06D7F2530F2B}.Release|Any CPU.Build.0 = Release|Any CPU
		{AC7E0100-301F-44C7-9CA9-C3C0A12C1A71}.Debug|Any CPU.ActiveCfg = Debug|Any CPU
		{AC7E0100-301F-44C7-9CA9-C3C0A12C1A71}.Debug|Any CPU.Build.0 = Debug|Any CPU
		{AC7E0100-301F-44C7-9CA9-C3C0A12C1A71}.Release|Any CPU.ActiveCfg = Release|Any CPU
		{AC7E0100-301F-44C7-9CA9-C3C0A12C1A71}.Release|Any CPU.Build.0 = Release|Any CPU
		{1A549A2E-1F8B-4353-8555-E2CE45E53A90}.Debug|Any CPU.ActiveCfg = Debug|Any CPU
		{1A549A2E-1F8B-4353-8555-E2CE45E53A90}.Debug|Any CPU.Build.0 = Debug|Any CPU
		{1A549A2E-1F8B-4353-8555-E2CE45E53A90}.Release|Any CPU.ActiveCfg = Release|Any CPU
		{1A549A2E-1F8B-4353-8555-E2CE45E53A90}.Release|Any CPU.Build.0 = Release|Any CPU
		{6B481DF1-DB49-4E98-B68F-21D5590D651C}.Debug|Any CPU.ActiveCfg = Debug|Any CPU
		{6B481DF1-DB49-4E98-B68F-21D5590D651C}.Debug|Any CPU.Build.0 = Debug|Any CPU
		{6B481DF1-DB49-4E98-B68F-21D5590D651C}.Release|Any CPU.ActiveCfg = Release|Any CPU
		{6B481DF1-DB49-4E98-B68F-21D5590D651C}.Release|Any CPU.Build.0 = Release|Any CPU
		{F19D95D1-CE9E-4FCA-BA75-53B9ADBD737F}.Debug|Any CPU.ActiveCfg = Debug|Any CPU
		{F19D95D1-CE9E-4FCA-BA75-53B9ADBD737F}.Debug|Any CPU.Build.0 = Debug|Any CPU
		{F19D95D1-CE9E-4FCA-BA75-53B9ADBD737F}.Release|Any CPU.ActiveCfg = Release|Any CPU
		{F19D95D1-CE9E-4FCA-BA75-53B9ADBD737F}.Release|Any CPU.Build.0 = Release|Any CPU
		{2FC7CBF2-D20B-4D19-85A7-72F9B4B2317B}.Debug|Any CPU.ActiveCfg = Debug|Any CPU
		{2FC7CBF2-D20B-4D19-85A7-72F9B4B2317B}.Debug|Any CPU.Build.0 = Debug|Any CPU
		{2FC7CBF2-D20B-4D19-85A7-72F9B4B2317B}.Release|Any CPU.ActiveCfg = Release|Any CPU
		{2FC7CBF2-D20B-4D19-85A7-72F9B4B2317B}.Release|Any CPU.Build.0 = Release|Any CPU
		{00EFB1D0-2C6A-47A3-9601-F60A1770C265}.Debug|Any CPU.ActiveCfg = Debug|Any CPU
		{00EFB1D0-2C6A-47A3-9601-F60A1770C265}.Debug|Any CPU.Build.0 = Debug|Any CPU
		{00EFB1D0-2C6A-47A3-9601-F60A1770C265}.Release|Any CPU.ActiveCfg = Release|Any CPU
		{00EFB1D0-2C6A-47A3-9601-F60A1770C265}.Release|Any CPU.Build.0 = Release|Any CPU
		{44C59155-C048-4EDB-B865-32B88FD476FF}.Debug|Any CPU.ActiveCfg = Debug|Any CPU
		{44C59155-C048-4EDB-B865-32B88FD476FF}.Debug|Any CPU.Build.0 = Debug|Any CPU
		{44C59155-C048-4EDB-B865-32B88FD476FF}.Release|Any CPU.ActiveCfg = Release|Any CPU
		{44C59155-C048-4EDB-B865-32B88FD476FF}.Release|Any CPU.Build.0 = Release|Any CPU
		{244966E4-F16D-4814-93B8-5E01FA5FB0DE}.Debug|Any CPU.ActiveCfg = Debug|Any CPU
		{244966E4-F16D-4814-93B8-5E01FA5FB0DE}.Debug|Any CPU.Build.0 = Debug|Any CPU
		{244966E4-F16D-4814-93B8-5E01FA5FB0DE}.Release|Any CPU.ActiveCfg = Release|Any CPU
		{244966E4-F16D-4814-93B8-5E01FA5FB0DE}.Release|Any CPU.Build.0 = Release|Any CPU
		{C711BF45-3B1B-4D8F-916E-C4CE7A23FA4C}.Debug|Any CPU.ActiveCfg = Debug|Any CPU
		{C711BF45-3B1B-4D8F-916E-C4CE7A23FA4C}.Debug|Any CPU.Build.0 = Debug|Any CPU
		{C711BF45-3B1B-4D8F-916E-C4CE7A23FA4C}.Release|Any CPU.ActiveCfg = Release|Any CPU
		{C711BF45-3B1B-4D8F-916E-C4CE7A23FA4C}.Release|Any CPU.Build.0 = Release|Any CPU
		{2B03F710-F7FA-4EEF-87BC-98023C6ABDB5}.Debug|Any CPU.ActiveCfg = Debug|Any CPU
		{2B03F710-F7FA-4EEF-87BC-98023C6ABDB5}.Debug|Any CPU.Build.0 = Debug|Any CPU
		{2B03F710-F7FA-4EEF-87BC-98023C6ABDB5}.Release|Any CPU.ActiveCfg = Release|Any CPU
		{2B03F710-F7FA-4EEF-87BC-98023C6ABDB5}.Release|Any CPU.Build.0 = Release|Any CPU
		{8D8A48EE-85FC-435D-AF18-4B26BD9EE5DF}.Debug|Any CPU.ActiveCfg = Debug|Any CPU
		{8D8A48EE-85FC-435D-AF18-4B26BD9EE5DF}.Debug|Any CPU.Build.0 = Debug|Any CPU
		{8D8A48EE-85FC-435D-AF18-4B26BD9EE5DF}.Release|Any CPU.ActiveCfg = Release|Any CPU
		{8D8A48EE-85FC-435D-AF18-4B26BD9EE5DF}.Release|Any CPU.Build.0 = Release|Any CPU
		{68263B72-0ABE-40BC-AA72-0BEFBCA0BFE8}.Debug|Any CPU.ActiveCfg = Debug|Any CPU
		{68263B72-0ABE-40BC-AA72-0BEFBCA0BFE8}.Debug|Any CPU.Build.0 = Debug|Any CPU
		{68263B72-0ABE-40BC-AA72-0BEFBCA0BFE8}.Release|Any CPU.ActiveCfg = Release|Any CPU
		{68263B72-0ABE-40BC-AA72-0BEFBCA0BFE8}.Release|Any CPU.Build.0 = Release|Any CPU
		{65B8C707-7F0F-4419-BC60-1C779AF27EA2}.Debug|Any CPU.ActiveCfg = Debug|Any CPU
		{65B8C707-7F0F-4419-BC60-1C779AF27EA2}.Debug|Any CPU.Build.0 = Debug|Any CPU
		{65B8C707-7F0F-4419-BC60-1C779AF27EA2}.Release|Any CPU.ActiveCfg = Release|Any CPU
		{65B8C707-7F0F-4419-BC60-1C779AF27EA2}.Release|Any CPU.Build.0 = Release|Any CPU
	EndGlobalSection
	GlobalSection(SolutionProperties) = preSolution
		HideSolutionNode = FALSE
	EndGlobalSection
	GlobalSection(NestedProjects) = preSolution
		{21A6CC98-8228-4715-ADAD-FA3574AE6283} = {5BFC82BB-A6F5-4BCF-B633-9AA6FDA2E5B6}
		{C46CFA03-6C05-428A-9B52-AF2662CF5F3B} = {5BFC82BB-A6F5-4BCF-B633-9AA6FDA2E5B6}
		{E5D3D71E-76E3-43EE-B6F2-1BB96D9869B0} = {5BFC82BB-A6F5-4BCF-B633-9AA6FDA2E5B6}
		{6B326AFB-51FD-45B5-9E4A-A79400607BCF} = {864C9300-F7A3-4BB8-8990-6A32361737EC}
		{EF0768F1-F313-47DF-995B-66808000DA41} = {864C9300-F7A3-4BB8-8990-6A32361737EC}
		{02C25BAA-FD0E-4933-BC7E-EBCAFEBA130A} = {864C9300-F7A3-4BB8-8990-6A32361737EC}
		{2D3479EF-90EE-4561-929E-49C9BAF2BDF7} = {3FDAA966-2554-4246-9A49-AB100D0A0B3B}
		{F46F7E0F-6A84-4A9A-A43F-06D7F2530F2B} = {3FDAA966-2554-4246-9A49-AB100D0A0B3B}
		{AC7E0100-301F-44C7-9CA9-C3C0A12C1A71} = {3FDAA966-2554-4246-9A49-AB100D0A0B3B}
		{1A549A2E-1F8B-4353-8555-E2CE45E53A90} = {79D58E79-757F-4AF5-9618-9DF34C1CA646}
		{6B481DF1-DB49-4E98-B68F-21D5590D651C} = {79D58E79-757F-4AF5-9618-9DF34C1CA646}
		{F19D95D1-CE9E-4FCA-BA75-53B9ADBD737F} = {79D58E79-757F-4AF5-9618-9DF34C1CA646}
		{2FC7CBF2-D20B-4D19-85A7-72F9B4B2317B} = {12C93663-C7BF-4A1F-BA99-4442709AF9FC}
		{00EFB1D0-2C6A-47A3-9601-F60A1770C265} = {12C93663-C7BF-4A1F-BA99-4442709AF9FC}
		{44C59155-C048-4EDB-B865-32B88FD476FF} = {12C93663-C7BF-4A1F-BA99-4442709AF9FC}
		{244966E4-F16D-4814-93B8-5E01FA5FB0DE} = {832D3854-086E-4FAF-95BA-883D8EBE30F6}
		{C711BF45-3B1B-4D8F-916E-C4CE7A23FA4C} = {832D3854-086E-4FAF-95BA-883D8EBE30F6}
		{2B03F710-F7FA-4EEF-87BC-98023C6ABDB5} = {832D3854-086E-4FAF-95BA-883D8EBE30F6}
		{8D8A48EE-85FC-435D-AF18-4B26BD9EE5DF} = {62CDFD9F-1027-4A32-9ED5-EF82329EBDF2}
		{68263B72-0ABE-40BC-AA72-0BEFBCA0BFE8} = {62CDFD9F-1027-4A32-9ED5-EF82329EBDF2}
		{65B8C707-7F0F-4419-BC60-1C779AF27EA2} = {62CDFD9F-1027-4A32-9ED5-EF82329EBDF2}
	EndGlobalSection
	GlobalSection(ExtensibilityGlobals) = postSolution
		SolutionGuid = {A1F4EDE2-F424-4A30-8116-0F0AFA52CFB4}
	EndGlobalSection
EndGlobal
